
Microsoft Visual Studio Solution File, Format Version 12.00
# Visual Studio 14
VisualStudioVersion = 14.0.23107.0
MinimumVisualStudioVersion = 10.0.40219.1
Project("{8BC9CEB8-8B4A-11D0-8D11-00A0C91BC942}") = "SPA", "SPA\SPA.vcxproj", "{95F919A7-DE06-41F8-850A-E3936A3B62D5}"
EndProject
Project("{8BC9CEB8-8B4A-11D0-8D11-00A0C91BC942}") = "AutoTester", "AutoTester\AutoTester.vcxproj", "{20A7FBF3-D972-4220-A6AA-960484999FBB}"
EndProject
Project("{8BC9CEB8-8B4A-11D0-8D11-00A0C91BC942}") = "UnitTesting", "UnitTesting\UnitTesting.vcxproj", "{74CA3A41-F84C-4C47-B882-5EBF60895525}"
EndProject
Project("{8BC9CEB8-8B4A-11D0-8D11-00A0C91BC942}") = "IntegrationTesting", "IntegrationTesting\IntegrationTesting.vcxproj", "{09AD1D74-2D3C-42AE-B4E0-52A792A27E60}"
EndProject
Global
	GlobalSection(SolutionConfigurationPlatforms) = preSolution
		Debug|ARM = Debug|ARM
		Debug|x64 = Debug|x64
		Debug|x86 = Debug|x86
		Release|ARM = Release|ARM
		Release|x64 = Release|x64
		Release|x86 = Release|x86
	EndGlobalSection
	GlobalSection(ProjectConfigurationPlatforms) = postSolution
		{95F919A7-DE06-41F8-850A-E3936A3B62D5}.Debug|ARM.ActiveCfg = Debug|Win32
		{95F919A7-DE06-41F8-850A-E3936A3B62D5}.Debug|x64.ActiveCfg = Debug|x64
		{95F919A7-DE06-41F8-850A-E3936A3B62D5}.Debug|x64.Build.0 = Debug|x64
		{95F919A7-DE06-41F8-850A-E3936A3B62D5}.Debug|x86.ActiveCfg = Debug|Win32
		{95F919A7-DE06-41F8-850A-E3936A3B62D5}.Debug|x86.Build.0 = Debug|Win32
		{95F919A7-DE06-41F8-850A-E3936A3B62D5}.Release|ARM.ActiveCfg = Release|Win32
		{95F919A7-DE06-41F8-850A-E3936A3B62D5}.Release|x64.ActiveCfg = Release|x64
		{95F919A7-DE06-41F8-850A-E3936A3B62D5}.Release|x64.Build.0 = Release|x64
		{95F919A7-DE06-41F8-850A-E3936A3B62D5}.Release|x86.ActiveCfg = Release|Win32
		{95F919A7-DE06-41F8-850A-E3936A3B62D5}.Release|x86.Build.0 = Release|Win32
		{20A7FBF3-D972-4220-A6AA-960484999FBB}.Debug|ARM.ActiveCfg = Debug|Win32
		{20A7FBF3-D972-4220-A6AA-960484999FBB}.Debug|x64.ActiveCfg = Debug|Win32
		{20A7FBF3-D972-4220-A6AA-960484999FBB}.Debug|x86.ActiveCfg = Debug|Win32
		{20A7FBF3-D972-4220-A6AA-960484999FBB}.Debug|x86.Build.0 = Debug|Win32
		{20A7FBF3-D972-4220-A6AA-960484999FBB}.Release|ARM.ActiveCfg = Release|Win32
		{20A7FBF3-D972-4220-A6AA-960484999FBB}.Release|x64.ActiveCfg = Release|Win32
		{20A7FBF3-D972-4220-A6AA-960484999FBB}.Release|x86.ActiveCfg = Release|Win32
		{20A7FBF3-D972-4220-A6AA-960484999FBB}.Release|x86.Build.0 = Release|Win32
		{74CA3A41-F84C-4C47-B882-5EBF60895525}.Debug|ARM.ActiveCfg = Debug|Win32
		{74CA3A41-F84C-4C47-B882-5EBF60895525}.Debug|x64.ActiveCfg = Debug|x64
		{74CA3A41-F84C-4C47-B882-5EBF60895525}.Debug|x64.Build.0 = Debug|x64
		{74CA3A41-F84C-4C47-B882-5EBF60895525}.Debug|x86.ActiveCfg = Debug|Win32
		{74CA3A41-F84C-4C47-B882-5EBF60895525}.Debug|x86.Build.0 = Debug|Win32
		{74CA3A41-F84C-4C47-B882-5EBF60895525}.Release|ARM.ActiveCfg = Release|Win32
		{74CA3A41-F84C-4C47-B882-5EBF60895525}.Release|x64.ActiveCfg = Release|x64
		{74CA3A41-F84C-4C47-B882-5EBF60895525}.Release|x64.Build.0 = Release|x64
		{74CA3A41-F84C-4C47-B882-5EBF60895525}.Release|x86.ActiveCfg = Release|Win32
		{74CA3A41-F84C-4C47-B882-5EBF60895525}.Release|x86.Build.0 = Release|Win32
		{09AD1D74-2D3C-42AE-B4E0-52A792A27E60}.Debug|ARM.ActiveCfg = Debug|Win32
		{09AD1D74-2D3C-42AE-B4E0-52A792A27E60}.Debug|x64.ActiveCfg = Debug|x64
		{09AD1D74-2D3C-42AE-B4E0-52A792A27E60}.Debug|x64.Build.0 = Debug|x64
		{09AD1D74-2D3C-42AE-B4E0-52A792A27E60}.Debug|x86.ActiveCfg = Debug|Win32
		{09AD1D74-2D3C-42AE-B4E0-52A792A27E60}.Debug|x86.Build.0 = Debug|Win32
		{09AD1D74-2D3C-42AE-B4E0-52A792A27E60}.Release|ARM.ActiveCfg = Release|Win32
		{09AD1D74-2D3C-42AE-B4E0-52A792A27E60}.Release|x64.ActiveCfg = Release|x64
		{09AD1D74-2D3C-42AE-B4E0-52A792A27E60}.Release|x64.Build.0 = Release|x64
		{09AD1D74-2D3C-42AE-B4E0-52A792A27E60}.Release|x86.ActiveCfg = Release|Win32
		{09AD1D74-2D3C-42AE-B4E0-52A792A27E60}.Release|x86.Build.0 = Release|Win32
	EndGlobalSection
	GlobalSection(SolutionProperties) = preSolution
		HideSolutionNode = FALSE
	EndGlobalSection
EndGlobal
