<?xml version="1.0" encoding="utf-8"?>
<Project ToolsVersion="4.0" xmlns="http://schemas.microsoft.com/developer/msbuild/2003">
  <ItemGroup>
    <ClCompile Include="..\Source\AST.cpp" />
    <ClCompile Include="..\Source\CallTable.cpp" />
    <ClCompile Include="..\Source\CFG.cpp" />
    <ClCompile Include="..\Source\FollowTable.cpp" />
    <ClCompile Include="..\Source\GNode.cpp" />
    <ClCompile Include="..\Source\ModifyTable.cpp" />
    <ClCompile Include="..\Source\ParentTable.cpp" />
    <ClCompile Include="..\Source\Preprocessor\PrePatternNode.cpp" />
    <ClCompile Include="..\Source\Preprocessor\PreResultNode.cpp" />
    <ClCompile Include="..\Source\Preprocessor\PreSuchThatNode.cpp" />
    <ClCompile Include="..\Source\Preprocessor\QueryPreprocessor.cpp" />
    <ClCompile Include="..\Source\Preprocessor\QueryTree.cpp" />
    <ClCompile Include="..\Source\ProcTable.cpp" />
    <ClCompile Include="..\Source\QueryProcessor\QueryHandler.cpp" />
    <ClCompile Include="..\Source\TNode.cpp" />
    <ClCompile Include="..\Source\UseTable.cpp" />
    <ClCompile Include="..\Source\Utility.cpp" />
    <ClCompile Include="..\Source\VarTable.cpp" />
    <ClCompile Include="..\source\Parser.cpp" />
    <ClCompile Include="..\source\ConstTable.cpp" />
    <ClCompile Include="..\source\DesignExtractor.cpp" />
    <ClCompile Include="..\source\PKB.cpp" />
    <ClCompile Include="..\source\main.cpp" />
    <ClCompile Include="..\Source\ProgLine.cpp" />
  </ItemGroup>
  <ItemGroup>
    <ClInclude Include="..\Source\AST.h" />
    <ClInclude Include="..\Source\CallTable.h" />
    <ClInclude Include="..\Source\CFG.h" />
    <ClInclude Include="..\Source\FollowTable.h" />
    <ClInclude Include="..\Source\GNode.h" />
    <ClInclude Include="..\Source\ModifyTable.h" />
    <ClInclude Include="..\Source\ParentTable.h" />
    <ClInclude Include="..\Source\Preprocessor\PrePatternNode.h" />
    <ClInclude Include="..\Source\Preprocessor\PreResultNode.h" />
    <ClInclude Include="..\Source\Preprocessor\PreSuchThatNode.h" />
    <ClInclude Include="..\Source\Preprocessor\QueryPreprocessor.h" />
    <ClInclude Include="..\Source\Preprocessor\QueryTree.h" />
    <ClInclude Include="..\Source\ProcTable.h" />
    <ClInclude Include="..\Source\QueryProcessor\QueryHandler.h" />
    <ClInclude Include="..\Source\TNode.h" />
    <ClInclude Include="..\Source\UseTable.h" />
    <ClInclude Include="..\Source\Utility.h" />
    <ClInclude Include="..\Source\VarTable.h" />
    <ClInclude Include="..\source\Parser.h" />
    <ClInclude Include="..\source\DesignExtractor.h" />
    <ClInclude Include="..\source\ConstTable.h" />
    <ClInclude Include="..\source\PKB.h" />
    <ClInclude Include="..\Source\ProgLine.h" />
  </ItemGroup>
</Project>